
Microsoft Visual Studio Solution File, Format Version 12.00
# Visual Studio 15
VisualStudioVersion = 15.0.26730.16
MinimumVisualStudioVersion = 10.0.40219.1
Project("{2150E333-8FDC-42A3-9474-1A3956D46DE8}") = "src", "src", "{E2EF5C6E-29C9-4F20-93D6-94DF9B9E0D23}"
EndProject
Project("{FAE04EC0-301F-11D3-BF4B-00C04F79EFBC}") = "Asd.Infra.CrossCutting.Bus", "src\Asd.Infra.CrossCutting.Bus\Asd.Infra.CrossCutting.Bus.csproj", "{2549D719-5F83-4041-9106-817A13101621}"
EndProject
Global
	GlobalSection(SolutionConfigurationPlatforms) = preSolution
		Debug|Any CPU = Debug|Any CPU
		Release|Any CPU = Release|Any CPU
	EndGlobalSection
	GlobalSection(ProjectConfigurationPlatforms) = postSolution
		{2549D719-5F83-4041-9106-817A13101621}.Debug|Any CPU.ActiveCfg = Debug|Any CPU
		{2549D719-5F83-4041-9106-817A13101621}.Debug|Any CPU.Build.0 = Debug|Any CPU
		{2549D719-5F83-4041-9106-817A13101621}.Release|Any CPU.ActiveCfg = Release|Any CPU
		{2549D719-5F83-4041-9106-817A13101621}.Release|Any CPU.Build.0 = Release|Any CPU
	EndGlobalSection
	GlobalSection(SolutionProperties) = preSolution
		HideSolutionNode = FALSE
	EndGlobalSection
	GlobalSection(NestedProjects) = preSolution
		{2549D719-5F83-4041-9106-817A13101621} = {E2EF5C6E-29C9-4F20-93D6-94DF9B9E0D23}
	EndGlobalSection
	GlobalSection(ExtensibilityGlobals) = postSolution
		SolutionGuid = {3EA798C5-9EE9-441F-B172-357003B64C4A}
	EndGlobalSection
EndGlobal
